
Microsoft Visual Studio Solution File, Format Version 12.00
Project("{FAE04EC0-301F-11D3-BF4B-00C04F79EFBC}") = "AkahuClient", "AkahuClient\AkahuClient.csproj", "{3E85227B-F629-4B94-823C-A1CD9DB6B95C}"
EndProject
Project("{FAE04EC0-301F-11D3-BF4B-00C04F79EFBC}") = "AkahuClientTest", "AkahuClientTest\AkahuClientTest.csproj", "{3CCCA966-F11D-4080-A70F-4B0D14D8847F}"
EndProject
Global
	GlobalSection(SolutionConfigurationPlatforms) = preSolution
		Debug|Any CPU = Debug|Any CPU
		Release|Any CPU = Release|Any CPU
	EndGlobalSection
	GlobalSection(ProjectConfigurationPlatforms) = postSolution
		{3E85227B-F629-4B94-823C-A1CD9DB6B95C}.Debug|Any CPU.ActiveCfg = Debug|Any CPU
		{3E85227B-F629-4B94-823C-A1CD9DB6B95C}.Debug|Any CPU.Build.0 = Debug|Any CPU
		{3E85227B-F629-4B94-823C-A1CD9DB6B95C}.Release|Any CPU.ActiveCfg = Release|Any CPU
		{3E85227B-F629-4B94-823C-A1CD9DB6B95C}.Release|Any CPU.Build.0 = Release|Any CPU
		{3CCCA966-F11D-4080-A70F-4B0D14D8847F}.Debug|Any CPU.ActiveCfg = Debug|Any CPU
		{3CCCA966-F11D-4080-A70F-4B0D14D8847F}.Debug|Any CPU.Build.0 = Debug|Any CPU
		{3CCCA966-F11D-4080-A70F-4B0D14D8847F}.Release|Any CPU.ActiveCfg = Release|Any CPU
		{3CCCA966-F11D-4080-A70F-4B0D14D8847F}.Release|Any CPU.Build.0 = Release|Any CPU
	EndGlobalSection
EndGlobal
